
Microsoft Visual Studio Solution File, Format Version 12.00
# Visual Studio Version 16
VisualStudioVersion = 25.0.1700.7
MinimumVisualStudioVersion = 10.0.40219.1
Project("{FAE04EC0-301F-11D3-BF4B-00C04F79EFBC}") = "CursoCSharp", "CursoCSharp\CursoCSharp.csproj", "{C229CCA4-ACF7-4DEF-83A0-E0CFEFE418CB}"
EndProject
Global
	GlobalSection(SolutionConfigurationPlatforms) = preSolution
		Debug|Any CPU = Debug|Any CPU
		Release|Any CPU = Release|Any CPU
	EndGlobalSection
	GlobalSection(ProjectConfigurationPlatforms) = postSolution
		{C229CCA4-ACF7-4DEF-83A0-E0CFEFE418CB}.Debug|Any CPU.ActiveCfg = Debug|Any CPU
		{C229CCA4-ACF7-4DEF-83A0-E0CFEFE418CB}.Debug|Any CPU.Build.0 = Debug|Any CPU
		{C229CCA4-ACF7-4DEF-83A0-E0CFEFE418CB}.Release|Any CPU.ActiveCfg = Release|Any CPU
		{C229CCA4-ACF7-4DEF-83A0-E0CFEFE418CB}.Release|Any CPU.Build.0 = Release|Any CPU
	EndGlobalSection
	GlobalSection(SolutionProperties) = preSolution
		HideSolutionNode = FALSE
	EndGlobalSection
	GlobalSection(ExtensibilityGlobals) = postSolution
		SolutionGuid = {9F33F591-5725-4D00-AEAB-9B67C158FE02}
	EndGlobalSection
EndGlobal
